<?xml version="1.0" encoding="utf-8"?>
<Project ToolsVersion="4.0" xmlns="http://schemas.microsoft.com/developer/msbuild/2003">
  <ItemGroup>
    <Filter Include="Archivos de código fuente">
      <UniqueIdentifier>{4FC737F1-C7A5-4376-A066-2A32D752A2FF}</UniqueIdentifier>
      <Extensions>cpp;c;cc;cxx;def;odl;idl;hpj;bat;asm;asmx</Extensions>
    </Filter>
    <Filter Include="Archivos de encabezado">
      <UniqueIdentifier>{93995380-89BD-4b04-88EB-625FBE52EBFB}</UniqueIdentifier>
      <Extensions>h;hh;hpp;hxx;hm;inl;inc;xsd</Extensions>
    </Filter>
    <Filter Include="Archivos de recursos">
      <UniqueIdentifier>{67DA6AB6-F800-4c08-8B7A-83BB121AAD01}</UniqueIdentifier>
      <Extensions>rc;ico;cur;bmp;dlg;rc2;rct;bin;rgs;gif;jpg;jpeg;jpe;resx;tiff;tif;png;wav;mfcribbon-ms</Extensions>
    </Filter>
    <Filter Include="Archivos de encabezado\Core">
      <UniqueIdentifier>{07be45f7-182e-48cb-ad85-fedc15486e44}</UniqueIdentifier>
    </Filter>
    <Filter Include="Archivos de código fuente\Core">
      <UniqueIdentifier>{97b95bf9-43d5-470c-b087-d6767994de57}</UniqueIdentifier>
    </Filter>
    <Filter Include="Archivos de encabezado\Gui">
      <UniqueIdentifier>{0e99857a-6aa2-452b-b67c-8320e1a1ad59}</UniqueIdentifier>
    </Filter>
    <Filter Include="Archivos de encabezado\Gameplay">
      <UniqueIdentifier>{c8b29a6f-a615-40ed-962b-d9c35a18b140}</UniqueIdentifier>
    </Filter>
    <Filter Include="Archivos de código fuente\Gameplay">
      <UniqueIdentifier>{7354cd45-8921-4104-9fac-8ab09be81598}</UniqueIdentifier>
    </Filter>
    <Filter Include="Archivos de código fuente\Gui">
      <UniqueIdentifier>{e5b5e029-71f6-4dc2-aeb5-45713bbb7f78}</UniqueIdentifier>
    </Filter>
    <Filter Include="Archivos de código fuente\Visuals">
      <UniqueIdentifier>{152cc774-1549-43a8-90d4-81e71098ff37}</UniqueIdentifier>
    </Filter>
    <Filter Include="Archivos de encabezado\Visuals">
      <UniqueIdentifier>{4c84f864-5973-4e77-9796-c6c224507661}</UniqueIdentifier>
    </Filter>
    <Filter Include="Archivos de encabezado\Core\Types">
      <UniqueIdentifier>{86c3b444-9af7-4abc-a285-0b22b794064b}</UniqueIdentifier>
    </Filter>
    <Filter Include="Archivos de código fuente\Sound">
      <UniqueIdentifier>{0b427b3e-949d-40d4-9062-36629ef44f70}</UniqueIdentifier>
    </Filter>
    <Filter Include="Archivos de encabezado\Sound">
      <UniqueIdentifier>{42c15d68-bd83-45f2-9974-71ff021a2035}</UniqueIdentifier>
    </Filter>
    <Filter Include="Archivos de encabezado\Core\Debugging">
      <UniqueIdentifier>{f2e8cf3e-bbb4-43f2-a5bb-0ef58bdc6d67}</UniqueIdentifier>
    </Filter>
    <Filter Include="Archivos de código fuente\Core\Debugging">
      <UniqueIdentifier>{185ccedf-37ff-44b1-8e06-0df6a6cda817}</UniqueIdentifier>
    </Filter>
  </ItemGroup>
  <ItemGroup>
    <ClInclude Include="Brick.h">
      <Filter>Archivos de encabezado\Gameplay</Filter>
    </ClInclude>
    <ClInclude Include="CollisionManager.h">
      <Filter>Archivos de encabezado\Gameplay</Filter>
    </ClInclude>
    <ClInclude Include="Player.h">
      <Filter>Archivos de encabezado\Gameplay</Filter>
    </ClInclude>
    <ClInclude Include="LevelScene.h">
      <Filter>Archivos de encabezado\Gameplay</Filter>
    </ClInclude>
    <ClInclude Include="Scene.h">
      <Filter>Archivos de encabezado\Core</Filter>
    </ClInclude>
    <ClInclude Include="Game.h">
      <Filter>Archivos de encabezado\Core</Filter>
    </ClInclude>
    <ClInclude Include="ShaderProgram.h">
      <Filter>Archivos de encabezado\Visuals</Filter>
    </ClInclude>
    <ClInclude Include="SceneManager.h">
      <Filter>Archivos de encabezado\Visuals</Filter>
    </ClInclude>
    <ClInclude Include="Shader.h">
      <Filter>Archivos de encabezado\Visuals</Filter>
    </ClInclude>
    <ClInclude Include="MainScreenScene.h">
      <Filter>Archivos de encabezado\Gui</Filter>
    </ClInclude>
    <ClInclude Include="AnimKeyframes.h">
      <Filter>Archivos de encabezado\Visuals</Filter>
    </ClInclude>
    <ClInclude Include="Coin.h">
      <Filter>Archivos de encabezado\Gameplay</Filter>
    </ClInclude>
    <ClInclude Include="Types.h">
      <Filter>Archivos de encabezado\Core\Types</Filter>
    </ClInclude>
    <ClInclude Include="BreakableBlock.h">
      <Filter>Archivos de encabezado\Gameplay</Filter>
    </ClInclude>
    <ClInclude Include="Entity.h">
      <Filter>Archivos de encabezado\Gameplay</Filter>
    </ClInclude>
    <ClInclude Include="TileMap.h">
      <Filter>Archivos de encabezado\Visuals</Filter>
    </ClInclude>
    <ClInclude Include="Ball.h">
      <Filter>Archivos de encabezado\Gameplay</Filter>
    </ClInclude>
    <ClInclude Include="Sprite.h">
      <Filter>Archivos de encabezado\Visuals</Filter>
    </ClInclude>
    <ClInclude Include="Texture.h">
      <Filter>Archivos de encabezado\Visuals</Filter>
    </ClInclude>
    <ClInclude Include="CheatSystem.h">
      <Filter>Archivos de encabezado\Core</Filter>
    </ClInclude>
    <ClInclude Include="SoundSystem.h">
      <Filter>Archivos de encabezado\Sound</Filter>
    </ClInclude>
    <ClInclude Include="Sounds.h">
      <Filter>Archivos de encabezado\Core\Types</Filter>
    </ClInclude>
    <ClInclude Include="SoundHelpers.h">
      <Filter>Archivos de encabezado\Sound</Filter>
    </ClInclude>
    <ClInclude Include="Log.h">
      <Filter>Archivos de encabezado\Core\Debugging</Filter>
    </ClInclude>
    <ClInclude Include="Sensor.h">
      <Filter>Archivos de encabezado\Gameplay</Filter>
    </ClInclude>
    <ClInclude Include="Watcher.h">
      <Filter>Archivos de encabezado\Gameplay</Filter>
    </ClInclude>
    <ClInclude Include="Button.h">
      <Filter>Archivos de encabezado\Gui</Filter>
    </ClInclude>
  </ItemGroup>
  <ItemGroup>
    <ClCompile Include="SceneManager.cpp">
      <Filter>Archivos de código fuente\Core</Filter>
    </ClCompile>
    <ClCompile Include="Brick.cpp">
      <Filter>Archivos de código fuente\Gameplay</Filter>
    </ClCompile>
    <ClCompile Include="CollisionManager.cpp">
      <Filter>Archivos de código fuente\Gameplay</Filter>
    </ClCompile>
    <ClCompile Include="Player.cpp">
      <Filter>Archivos de código fuente\Gameplay</Filter>
    </ClCompile>
    <ClCompile Include="LevelScene.cpp">
      <Filter>Archivos de código fuente\Gameplay</Filter>
    </ClCompile>
    <ClCompile Include="TileMap.cpp">
      <Filter>Archivos de código fuente\Gameplay</Filter>
    </ClCompile>
    <ClCompile Include="Game.cpp">
      <Filter>Archivos de código fuente\Core</Filter>
    </ClCompile>
    <ClCompile Include="main.cpp">
      <Filter>Archivos de código fuente</Filter>
    </ClCompile>
    <ClCompile Include="Scene.cpp">
      <Filter>Archivos de código fuente\Core</Filter>
    </ClCompile>
    <ClCompile Include="Texture.cpp">
      <Filter>Archivos de código fuente\Visuals</Filter>
    </ClCompile>
    <ClCompile Include="Sprite.cpp">
      <Filter>Archivos de código fuente\Visuals</Filter>
    </ClCompile>
    <ClCompile Include="ShaderProgram.cpp">
      <Filter>Archivos de código fuente\Visuals</Filter>
    </ClCompile>
    <ClCompile Include="Shader.cpp">
      <Filter>Archivos de código fuente\Visuals</Filter>
    </ClCompile>
    <ClCompile Include="MainScreenScene.cpp">
      <Filter>Archivos de código fuente\Gui</Filter>
    </ClCompile>
    <ClCompile Include="Coin.cpp">
      <Filter>Archivos de código fuente\Gameplay</Filter>
    </ClCompile>
    <ClCompile Include="BreakableBlock.cpp">
      <Filter>Archivos de código fuente\Gameplay</Filter>
    </ClCompile>
    <ClCompile Include="Ball.cpp">
      <Filter>Archivos de código fuente\Gameplay</Filter>
    </ClCompile>
    <ClCompile Include="CheatSystem.cpp">
      <Filter>Archivos de código fuente\Core</Filter>
    </ClCompile>
    <ClCompile Include="SoundSystem.cpp">
      <Filter>Archivos de código fuente\Sound</Filter>
    </ClCompile>
    <ClCompile Include="SoundHelpers.cpp">
      <Filter>Archivos de código fuente\Sound</Filter>
    </ClCompile>
    <ClCompile Include="Log.cpp">
      <Filter>Archivos de código fuente\Core\Debugging</Filter>
    </ClCompile>
    <ClCompile Include="Sensor.cpp">
      <Filter>Archivos de código fuente\Gameplay</Filter>
    </ClCompile>
    <ClCompile Include="Watcher.cpp">
      <Filter>Archivos de código fuente\Gameplay</Filter>
    </ClCompile>
    <ClCompile Include="Button.cpp">
      <Filter>Archivos de código fuente\Gui</Filter>
    </ClCompile>
  </ItemGroup>
</Project>